// !$*UTF8*$!
{
	archiveVersion = 1;
	classes = {
	};
	objectVersion = 46;
	objects = {

/* Begin PBXBuildFile section */
		2C5DCC1D1B77BF6F003ECEF8 /* AppDelegate.swift in Sources */ = {isa = PBXBuildFile; fileRef = 2C5DCC1C1B77BF6F003ECEF8 /* AppDelegate.swift */; };
		2C5DCC1F1B77BF6F003ECEF8 /* ViewController.swift in Sources */ = {isa = PBXBuildFile; fileRef = 2C5DCC1E1B77BF6F003ECEF8 /* ViewController.swift */; };
		2C5DCC221B77BF70003ECEF8 /* Main.storyboard in Resources */ = {isa = PBXBuildFile; fileRef = 2C5DCC201B77BF70003ECEF8 /* Main.storyboard */; };
		2C5DCC241B77BF70003ECEF8 /* Images.xcassets in Resources */ = {isa = PBXBuildFile; fileRef = 2C5DCC231B77BF70003ECEF8 /* Images.xcassets */; };
		2C5DCC271B77BF70003ECEF8 /* LaunchScreen.xib in Resources */ = {isa = PBXBuildFile; fileRef = 2C5DCC251B77BF70003ECEF8 /* LaunchScreen.xib */; };
		2C5DCC331B77BF70003ECEF8 /* CaculyatorTests.swift in Sources */ = {isa = PBXBuildFile; fileRef = 2C5DCC321B77BF70003ECEF8 /* CaculyatorTests.swift */; };
		2CCB20741B810B0400511F22 /* Roboto-Thin.ttf in Resources */ = {isa = PBXBuildFile; fileRef = 2CCB20731B810B0400511F22 /* Roboto-Thin.ttf */; };
		2CCB20751B810B0400511F22 /* Roboto-Thin.ttf in Resources */ = {isa = PBXBuildFile; fileRef = 2CCB20731B810B0400511F22 /* Roboto-Thin.ttf */; };
/* End PBXBuildFile section */

/* Begin PBXContainerItemProxy section */
		2C5DCC2D1B77BF70003ECEF8 /* PBXContainerItemProxy */ = {
			isa = PBXContainerItemProxy;
			containerPortal = 2C5DCC0F1B77BF6F003ECEF8 /* Project object */;
			proxyType = 1;
			remoteGlobalIDString = 2C5DCC161B77BF6F003ECEF8;
			remoteInfo = Caculyator;
		};
/* End PBXContainerItemProxy section */

/* Begin PBXFileReference section */
		2C5DCC171B77BF6F003ECEF8 /* Caculyator.app */ = {isa = PBXFileReference; explicitFileType = wrapper.application; includeInIndex = 0; path = Caculyator.app; sourceTree = BUILT_PRODUCTS_DIR; };
		2C5DCC1B1B77BF6F003ECEF8 /* Info.plist */ = {isa = PBXFileReference; lastKnownFileType = text.plist.xml; path = Info.plist; sourceTree = "<group>"; };
		2C5DCC1C1B77BF6F003ECEF8 /* AppDelegate.swift */ = {isa = PBXFileReference; lastKnownFileType = sourcecode.swift; path = AppDelegate.swift; sourceTree = "<group>"; };
		2C5DCC1E1B77BF6F003ECEF8 /* ViewController.swift */ = {isa = PBXFileReference; lastKnownFileType = sourcecode.swift; path = ViewController.swift; sourceTree = "<group>"; };
		2C5DCC211B77BF70003ECEF8 /* Base */ = {isa = PBXFileReference; lastKnownFileType = file.storyboard; name = Base; path = Base.lproj/Main.storyboard; sourceTree = "<group>"; };
		2C5DCC231B77BF70003ECEF8 /* Images.xcassets */ = {isa = PBXFileReference; lastKnownFileType = folder.assetcatalog; path = Images.xcassets; sourceTree = "<group>"; };
		2C5DCC261B77BF70003ECEF8 /* Base */ = {isa = PBXFileReference; lastKnownFileType = file.xib; name = Base; path = Base.lproj/LaunchScreen.xib; sourceTree = "<group>"; };
		2C5DCC2C1B77BF70003ECEF8 /* CaculyatorTests.xctest */ = {isa = PBXFileReference; explicitFileType = wrapper.cfbundle; includeInIndex = 0; path = CaculyatorTests.xctest; sourceTree = BUILT_PRODUCTS_DIR; };
		2C5DCC311B77BF70003ECEF8 /* Info.plist */ = {isa = PBXFileReference; lastKnownFileType = text.plist.xml; path = Info.plist; sourceTree = "<group>"; };
		2C5DCC321B77BF70003ECEF8 /* CaculyatorTests.swift */ = {isa = PBXFileReference; lastKnownFileType = sourcecode.swift; path = CaculyatorTests.swift; sourceTree = "<group>"; };
		2CCB20731B810B0400511F22 /* Roboto-Thin.ttf */ = {isa = PBXFileReference; lastKnownFileType = file; path = "Roboto-Thin.ttf"; sourceTree = "<group>"; };
/* End PBXFileReference section */

/* Begin PBXFrameworksBuildPhase section */
		2C5DCC141B77BF6F003ECEF8 /* Frameworks */ = {
			isa = PBXFrameworksBuildPhase;
			buildActionMask = 2147483647;
			files = (
			);
			runOnlyForDeploymentPostprocessing = 0;
		};
		2C5DCC291B77BF70003ECEF8 /* Frameworks */ = {
			isa = PBXFrameworksBuildPhase;
			buildActionMask = 2147483647;
			files = (
			);
			runOnlyForDeploymentPostprocessing = 0;
		};
/* End PBXFrameworksBuildPhase section */

/* Begin PBXGroup section */
		2C5DCC0E1B77BF6F003ECEF8 = {
			isa = PBXGroup;
			children = (
				2C5DCC191B77BF6F003ECEF8 /* Caculyator */,
				2C5DCC2F1B77BF70003ECEF8 /* CaculyatorTests */,
				2C5DCC181B77BF6F003ECEF8 /* Products */,
			);
			sourceTree = "<group>";
		};
		2C5DCC181B77BF6F003ECEF8 /* Products */ = {
			isa = PBXGroup;
			children = (
				2C5DCC171B77BF6F003ECEF8 /* Caculyator.app */,
				2C5DCC2C1B77BF70003ECEF8 /* CaculyatorTests.xctest */,
			);
			name = Products;
			sourceTree = "<group>";
		};
		2C5DCC191B77BF6F003ECEF8 /* Caculyator */ = {
			isa = PBXGroup;
			children = (
				2C5DCC1C1B77BF6F003ECEF8 /* AppDelegate.swift */,
				2C5DCC1E1B77BF6F003ECEF8 /* ViewController.swift */,
				2C5DCC201B77BF70003ECEF8 /* Main.storyboard */,
				2C5DCC231B77BF70003ECEF8 /* Images.xcassets */,
				2C5DCC251B77BF70003ECEF8 /* LaunchScreen.xib */,
				2C5DCC1A1B77BF6F003ECEF8 /* Supporting Files */,
			);
			path = Caculyator;
			sourceTree = "<group>";
		};
		2C5DCC1A1B77BF6F003ECEF8 /* Supporting Files */ = {
			isa = PBXGroup;
			children = (
				2CCB20731B810B0400511F22 /* Roboto-Thin.ttf */,
				2C5DCC1B1B77BF6F003ECEF8 /* Info.plist */,
			);
			name = "Supporting Files";
			sourceTree = "<group>";
		};
		2C5DCC2F1B77BF70003ECEF8 /* CaculyatorTests */ = {
			isa = PBXGroup;
			children = (
				2C5DCC321B77BF70003ECEF8 /* CaculyatorTests.swift */,
				2C5DCC301B77BF70003ECEF8 /* Supporting Files */,
			);
			path = CaculyatorTests;
			sourceTree = "<group>";
		};
		2C5DCC301B77BF70003ECEF8 /* Supporting Files */ = {
			isa = PBXGroup;
			children = (
				2C5DCC311B77BF70003ECEF8 /* Info.plist */,
			);
			name = "Supporting Files";
			sourceTree = "<group>";
		};
/* End PBXGroup section */

/* Begin PBXNativeTarget section */
		2C5DCC161B77BF6F003ECEF8 /* Caculyator */ = {
			isa = PBXNativeTarget;
			buildConfigurationList = 2C5DCC361B77BF70003ECEF8 /* Build configuration list for PBXNativeTarget "Caculyator" */;
			buildPhases = (
				2C5DCC131B77BF6F003ECEF8 /* Sources */,
				2C5DCC141B77BF6F003ECEF8 /* Frameworks */,
				2C5DCC151B77BF6F003ECEF8 /* Resources */,
			);
			buildRules = (
			);
			dependencies = (
			);
			name = Caculyator;
			productName = Caculyator;
			productReference = 2C5DCC171B77BF6F003ECEF8 /* Caculyator.app */;
			productType = "com.apple.product-type.application";
		};
		2C5DCC2B1B77BF70003ECEF8 /* CaculyatorTests */ = {
			isa = PBXNativeTarget;
			buildConfigurationList = 2C5DCC391B77BF70003ECEF8 /* Build configuration list for PBXNativeTarget "CaculyatorTests" */;
			buildPhases = (
				2C5DCC281B77BF70003ECEF8 /* Sources */,
				2C5DCC291B77BF70003ECEF8 /* Frameworks */,
				2C5DCC2A1B77BF70003ECEF8 /* Resources */,
			);
			buildRules = (
			);
			dependencies = (
				2C5DCC2E1B77BF70003ECEF8 /* PBXTargetDependency */,
			);
			name = CaculyatorTests;
			productName = CaculyatorTests;
			productReference = 2C5DCC2C1B77BF70003ECEF8 /* CaculyatorTests.xctest */;
			productType = "com.apple.product-type.bundle.unit-test";
		};
/* End PBXNativeTarget section */

/* Begin PBXProject section */
		2C5DCC0F1B77BF6F003ECEF8 /* Project object */ = {
			isa = PBXProject;
			attributes = {
				LastUpgradeCheck = 0640;
				ORGANIZATIONNAME = "Дмитрий Сидоров";
				TargetAttributes = {
					2C5DCC161B77BF6F003ECEF8 = {
						CreatedOnToolsVersion = 6.4;
					};
					2C5DCC2B1B77BF70003ECEF8 = {
						CreatedOnToolsVersion = 6.4;
						TestTargetID = 2C5DCC161B77BF6F003ECEF8;
					};
				};
			};
			buildConfigurationList = 2C5DCC121B77BF6F003ECEF8 /* Build configuration list for PBXProject "Caculyator" */;
			compatibilityVersion = "Xcode 3.2";
			developmentRegion = English;
			hasScannedForEncodings = 0;
			knownRegions = (
				en,
				Base,
			);
			mainGroup = 2C5DCC0E1B77BF6F003ECEF8;
			productRefGroup = 2C5DCC181B77BF6F003ECEF8 /* Products */;
			projectDirPath = "";
			projectRoot = "";
			targets = (
				2C5DCC161B77BF6F003ECEF8 /* Caculyator */,
				2C5DCC2B1B77BF70003ECEF8 /* CaculyatorTests */,
			);
		};
/* End PBXProject section */

/* Begin PBXResourcesBuildPhase section */
		2C5DCC151B77BF6F003ECEF8 /* Resources */ = {
			isa = PBXResourcesBuildPhase;
			buildActionMask = 2147483647;
			files = (
				2CCB20741B810B0400511F22 /* Roboto-Thin.ttf in Resources */,
				2C5DCC221B77BF70003ECEF8 /* Main.storyboard in Resources */,
				2C5DCC271B77BF70003ECEF8 /* LaunchScreen.xib in Resources */,
				2C5DCC241B77BF70003ECEF8 /* Images.xcassets in Resources */,
			);
			runOnlyForDeploymentPostprocessing = 0;
		};
		2C5DCC2A1B77BF70003ECEF8 /* Resources */ = {
			isa = PBXResourcesBuildPhase;
			buildActionMask = 2147483647;
			files = (
				2CCB20751B810B0400511F22 /* Roboto-Thin.ttf in Resources */,
			);
			runOnlyForDeploymentPostprocessing = 0;
		};
/* End PBXResourcesBuildPhase section */

/* Begin PBXSourcesBuildPhase section */
		2C5DCC131B77BF6F003ECEF8 /* Sources */ = {
			isa = PBXSourcesBuildPhase;
			buildActionMask = 2147483647;
			files = (
				2C5DCC1F1B77BF6F003ECEF8 /* ViewController.swift in Sources */,
				2C5DCC1D1B77BF6F003ECEF8 /* AppDelegate.swift in Sources */,
			);
			runOnlyForDeploymentPostprocessing = 0;
		};
		2C5DCC281B77BF70003ECEF8 /* Sources */ = {
			isa = PBXSourcesBuildPhase;
			buildActionMask = 2147483647;
			files = (
				2C5DCC331B77BF70003ECEF8 /* CaculyatorTests.swift in Sources */,
			);
			runOnlyForDeploymentPostprocessing = 0;
		};
/* End PBXSourcesBuildPhase section */

/* Begin PBXTargetDependency section */
		2C5DCC2E1B77BF70003ECEF8 /* PBXTargetDependency */ = {
			isa = PBXTargetDependency;
			target = 2C5DCC161B77BF6F003ECEF8 /* Caculyator */;
			targetProxy = 2C5DCC2D1B77BF70003ECEF8 /* PBXContainerItemProxy */;
		};
/* End PBXTargetDependency section */

/* Begin PBXVariantGroup section */
		2C5DCC201B77BF70003ECEF8 /* Main.storyboard */ = {
			isa = PBXVariantGroup;
			children = (
				2C5DCC211B77BF70003ECEF8 /* Base */,
			);
			name = Main.storyboard;
			sourceTree = "<group>";
		};
		2C5DCC251B77BF70003ECEF8 /* LaunchScreen.xib */ = {
			isa = PBXVariantGroup;
			children = (
				2C5DCC261B77BF70003ECEF8 /* Base */,
			);
			name = LaunchScreen.xib;
			sourceTree = "<group>";
		};
/* End PBXVariantGroup section */

/* Begin XCBuildConfiguration section */
		2C5DCC341B77BF70003ECEF8 /* Debug */ = {
			isa = XCBuildConfiguration;
			buildSettings = {
				ALWAYS_SEARCH_USER_PATHS = NO;
				CLANG_CXX_LANGUAGE_STANDARD = "gnu++0x";
				CLANG_CXX_LIBRARY = "libc++";
				CLANG_ENABLE_MODULES = YES;
				CLANG_ENABLE_OBJC_ARC = YES;
				CLANG_WARN_BOOL_CONVERSION = YES;
				CLANG_WARN_CONSTANT_CONVERSION = YES;
				CLANG_WARN_DIRECT_OBJC_ISA_USAGE = YES_ERROR;
				CLANG_WARN_EMPTY_BODY = YES;
				CLANG_WARN_ENUM_CONVERSION = YES;
				CLANG_WARN_INT_CONVERSION = YES;
				CLANG_WARN_OBJC_ROOT_CLASS = YES_ERROR;
				CLANG_WARN_UNREACHABLE_CODE = YES;
				CLANG_WARN__DUPLICATE_METHOD_MATCH = YES;
				"CODE_SIGN_IDENTITY[sdk=iphoneos*]" = "iPhone Developer";
				COPY_PHASE_STRIP = NO;
				DEBUG_INFORMATION_FORMAT = "dwarf-with-dsym";
				ENABLE_STRICT_OBJC_MSGSEND = YES;
				GCC_C_LANGUAGE_STANDARD = gnu99;
				GCC_DYNAMIC_NO_PIC = NO;
				GCC_NO_COMMON_BLOCKS = YES;
				GCC_OPTIMIZATION_LEVEL = 0;
				GCC_PREPROCESSOR_DEFINITIONS = (
					"DEBUG=1",
					"$(inherited)",
				);
				GCC_SYMBOLS_PRIVATE_EXTERN = NO;
				GCC_WARN_64_TO_32_BIT_CONVERSION = YES;
				GCC_WARN_ABOUT_RETURN_TYPE = YES_ERROR;
				GCC_WARN_UNDECLARED_SELECTOR = YES;
				GCC_WARN_UNINITIALIZED_AUTOS = YES_AGGRESSIVE;
				GCC_WARN_UNUSED_FUNCTION = YES;
				GCC_WARN_UNUSED_VARIABLE = YES;
				IPHONEOS_DEPLOYMENT_TARGET = 8.4;
				MTL_ENABLE_DEBUG_INFO = YES;
				ONLY_ACTIVE_ARCH = YES;
				SDKROOT = iphoneos;
				SWIFT_OPTIMIZATION_LEVEL = "-Onone";
			};
			name = Debug;
		};
		2C5DCC351B77BF70003ECEF8 /* Release */ = {
			isa = XCBuildConfiguration;
			buildSettings = {
				ALWAYS_SEARCH_USER_PATHS = NO;
				CLANG_CXX_LANGUAGE_STANDARD = "gnu++0x";
				CLANG_CXX_LIBRARY = "libc++";
				CLANG_ENABLE_MODULES = YES;
				CLANG_ENABLE_OBJC_ARC = YES;
				CLANG_WARN_BOOL_CONVERSION = YES;
				CLANG_WARN_CONSTANT_CONVERSION = YES;
				CLANG_WARN_DIRECT_OBJC_ISA_USAGE = YES_ERROR;
				CLANG_WARN_EMPTY_BODY = YES;
				CLANG_WARN_ENUM_CONVERSION = YES;
				CLANG_WARN_INT_CONVERSION = YES;
				CLANG_WARN_OBJC_ROOT_CLASS = YES_ERROR;
				CLANG_WARN_UNREACHABLE_CODE = YES;
				CLANG_WARN__DUPLICATE_METHOD_MATCH = YES;
				"CODE_SIGN_IDENTITY[sdk=iphoneos*]" = "iPhone Developer";
				COPY_PHASE_STRIP = NO;
				DEBUG_INFORMATION_FORMAT = "dwarf-with-dsym";
				ENABLE_NS_ASSERTIONS = NO;
				ENABLE_STRICT_OBJC_MSGSEND = YES;
				GCC_C_LANGUAGE_STANDARD = gnu99;
				GCC_NO_COMMON_BLOCKS = YES;
				GCC_WARN_64_TO_32_BIT_CONVERSION = YES;
				GCC_WARN_ABOUT_RETURN_TYPE = YES_ERROR;
				GCC_WARN_UNDECLARED_SELECTOR = YES;
				GCC_WARN_UNINITIALIZED_AUTOS = YES_AGGRESSIVE;
				GCC_WARN_UNUSED_FUNCTION = YES;
				GCC_WARN_UNUSED_VARIABLE = YES;
				IPHONEOS_DEPLOYMENT_TARGET = 8.4;
				MTL_ENABLE_DEBUG_INFO = NO;
				SDKROOT = iphoneos;
				VALIDATE_PRODUCT = YES;
			};
			name = Release;
		};
		2C5DCC371B77BF70003ECEF8 /* Debug */ = {
			isa = XCBuildConfiguration;
			buildSettings = {
				ASSETCATALOG_COMPILER_APPICON_NAME = AppIcon;
				INFOPLIST_FILE = Caculyator/Info.plist;
				LD_RUNPATH_SEARCH_PATHS = "$(inherited) @executable_path/Frameworks";
				PRODUCT_NAME = "$(TARGET_NAME)";
			};
			name = Debug;
		};
		2C5DCC381B77BF70003ECEF8 /* Release */ = {
			isa = XCBuildConfiguration;
			buildSettings = {
				ASSETCATALOG_COMPILER_APPICON_NAME = AppIcon;
				INFOPLIST_FILE = Caculyator/Info.plist;
				LD_RUNPATH_SEARCH_PATHS = "$(inherited) @executable_path/Frameworks";
				PRODUCT_NAME = "$(TARGET_NAME)";
			};
			name = Release;
		};
		2C5DCC3A1B77BF70003ECEF8 /* Debug */ = {
			isa = XCBuildConfiguration;
			buildSettings = {
				BUNDLE_LOADER = "$(TEST_HOST)";
				FRAMEWORK_SEARCH_PATHS = (
					"$(SDKROOT)/Developer/Library/Frameworks",
					"$(inherited)",
				);
				GCC_PREPROCESSOR_DEFINITIONS = (
					"DEBUG=1",
					"$(inherited)",
				);
				INFOPLIST_FILE = CaculyatorTests/Info.plist;
				LD_RUNPATH_SEARCH_PATHS = "$(inherited) @executable_path/Frameworks @loader_path/Frameworks";
				PRODUCT_NAME = "$(TARGET_NAME)";
				TEST_HOST = "$(BUILT_PRODUCTS_DIR)/Caculyator.app/Caculyator";
			};
			name = Debug;
		};
		2C5DCC3B1B77BF70003ECEF8 /* Release */ = {
			isa = XCBuildConfiguration;
			buildSettings = {
				BUNDLE_LOADER = "$(TEST_HOST)";
				FRAMEWORK_SEARCH_PATHS = (
					"$(SDKROOT)/Developer/Library/Frameworks",
					"$(inherited)",
				);
				INFOPLIST_FILE = CaculyatorTests/Info.plist;
				LD_RUNPATH_SEARCH_PATHS = "$(inherited) @executable_path/Frameworks @loader_path/Frameworks";
				PRODUCT_NAME = "$(TARGET_NAME)";
				TEST_HOST = "$(BUILT_PRODUCTS_DIR)/Caculyator.app/Caculyator";
			};
			name = Release;
		};
/* End XCBuildConfiguration section */

/* Begin XCConfigurationList section */
		2C5DCC121B77BF6F003ECEF8 /* Build configuration list for PBXProject "Caculyator" */ = {
			isa = XCConfigurationList;
			buildConfigurations = (
				2C5DCC341B77BF70003ECEF8 /* Debug */,
				2C5DCC351B77BF70003ECEF8 /* Release */,
			);
			defaultConfigurationIsVisible = 0;
			defaultConfigurationName = Release;
		};
		2C5DCC361B77BF70003ECEF8 /* Build configuration list for PBXNativeTarget "Caculyator" */ = {
			isa = XCConfigurationList;
			buildConfigurations = (
				2C5DCC371B77BF70003ECEF8 /* Debug */,
				2C5DCC381B77BF70003ECEF8 /* Release */,
			);
			defaultConfigurationIsVisible = 0;
			defaultConfigurationName = Release;
		};
		2C5DCC391B77BF70003ECEF8 /* Build configuration list for PBXNativeTarget "CaculyatorTests" */ = {
			isa = XCConfigurationList;
			buildConfigurations = (
				2C5DCC3A1B77BF70003ECEF8 /* Debug */,
				2C5DCC3B1B77BF70003ECEF8 /* Release */,
			);
			defaultConfigurationIsVisible = 0;
			defaultConfigurationName = Release;
		};
/* End XCConfigurationList section */
	};
	rootObject = 2C5DCC0F1B77BF6F003ECEF8 /* Project object */;
}
